// !$*UTF8*$!
{
	archiveVersion = 1;
	classes = {
	};
	objectVersion = 46;
	objects = {

/* Begin PBXBuildFile section */
		F012DFB0B0494788332E458F /* Pods_Exchangerate.framework in Frameworks */ = {isa = PBXBuildFile; fileRef = 6787F556FD9A6AF7EE4E6FD3 /* Pods_Exchangerate.framework */; };
		F1E135E71DDC913A00B070F3 /* AppDelegate.swift in Sources */ = {isa = PBXBuildFile; fileRef = F1E135E61DDC913A00B070F3 /* AppDelegate.swift */; };
		F1E135E91DDC913A00B070F3 /* ViewController.swift in Sources */ = {isa = PBXBuildFile; fileRef = F1E135E81DDC913A00B070F3 /* ViewController.swift */; };
		F1E135EC1DDC913A00B070F3 /* Main.storyboard in Resources */ = {isa = PBXBuildFile; fileRef = F1E135EA1DDC913A00B070F3 /* Main.storyboard */; };
		F1E135EE1DDC913A00B070F3 /* Assets.xcassets in Resources */ = {isa = PBXBuildFile; fileRef = F1E135ED1DDC913A00B070F3 /* Assets.xcassets */; };
		F1E135F11DDC913A00B070F3 /* LaunchScreen.storyboard in Resources */ = {isa = PBXBuildFile; fileRef = F1E135EF1DDC913A00B070F3 /* LaunchScreen.storyboard */; };
		F1E135F91DDC9E8000B070F3 /* TableViewController.swift in Sources */ = {isa = PBXBuildFile; fileRef = F1E135F81DDC9E8000B070F3 /* TableViewController.swift */; };
/* End PBXBuildFile section */

/* Begin PBXFileReference section */
		6787F556FD9A6AF7EE4E6FD3 /* Pods_Exchangerate.framework */ = {isa = PBXFileReference; explicitFileType = wrapper.framework; includeInIndex = 0; path = Pods_Exchangerate.framework; sourceTree = BUILT_PRODUCTS_DIR; };
		CB4CEAD175F2E0530ECBE8E9 /* Pods-Exchangerate.debug.xcconfig */ = {isa = PBXFileReference; includeInIndex = 1; lastKnownFileType = text.xcconfig; name = "Pods-Exchangerate.debug.xcconfig"; path = "Pods/Target Support Files/Pods-Exchangerate/Pods-Exchangerate.debug.xcconfig"; sourceTree = "<group>"; };
		E5FA6E8F296B4FF0ED6A3A9E /* Pods-Exchangerate.release.xcconfig */ = {isa = PBXFileReference; includeInIndex = 1; lastKnownFileType = text.xcconfig; name = "Pods-Exchangerate.release.xcconfig"; path = "Pods/Target Support Files/Pods-Exchangerate/Pods-Exchangerate.release.xcconfig"; sourceTree = "<group>"; };
		F1E135E31DDC913A00B070F3 /* Exchangerate.app */ = {isa = PBXFileReference; explicitFileType = wrapper.application; includeInIndex = 0; path = Exchangerate.app; sourceTree = BUILT_PRODUCTS_DIR; };
		F1E135E61DDC913A00B070F3 /* AppDelegate.swift */ = {isa = PBXFileReference; lastKnownFileType = sourcecode.swift; path = AppDelegate.swift; sourceTree = "<group>"; };
		F1E135E81DDC913A00B070F3 /* ViewController.swift */ = {isa = PBXFileReference; lastKnownFileType = sourcecode.swift; path = ViewController.swift; sourceTree = "<group>"; };
		F1E135EB1DDC913A00B070F3 /* Base */ = {isa = PBXFileReference; lastKnownFileType = file.storyboard; name = Base; path = Base.lproj/Main.storyboard; sourceTree = "<group>"; };
		F1E135ED1DDC913A00B070F3 /* Assets.xcassets */ = {isa = PBXFileReference; lastKnownFileType = folder.assetcatalog; path = Assets.xcassets; sourceTree = "<group>"; };
		F1E135F01DDC913A00B070F3 /* Base */ = {isa = PBXFileReference; lastKnownFileType = file.storyboard; name = Base; path = Base.lproj/LaunchScreen.storyboard; sourceTree = "<group>"; };
		F1E135F21DDC913A00B070F3 /* Info.plist */ = {isa = PBXFileReference; lastKnownFileType = text.plist.xml; path = Info.plist; sourceTree = "<group>"; };
		F1E135F81DDC9E8000B070F3 /* TableViewController.swift */ = {isa = PBXFileReference; fileEncoding = 4; lastKnownFileType = sourcecode.swift; path = TableViewController.swift; sourceTree = "<group>"; };
/* End PBXFileReference section */

/* Begin PBXFrameworksBuildPhase section */
		F1E135E01DDC913A00B070F3 /* Frameworks */ = {
			isa = PBXFrameworksBuildPhase;
			buildActionMask = 2147483647;
			files = (
				F012DFB0B0494788332E458F /* Pods_Exchangerate.framework in Frameworks */,
			);
			runOnlyForDeploymentPostprocessing = 0;
		};
/* End PBXFrameworksBuildPhase section */

/* Begin PBXGroup section */
		292ACF1DD270DF1367D70F2B /* Frameworks */ = {
			isa = PBXGroup;
			children = (
				6787F556FD9A6AF7EE4E6FD3 /* Pods_Exchangerate.framework */,
			);
			name = Frameworks;
			sourceTree = "<group>";
		};
		88391B9B87C489CDA8C66386 /* Pods */ = {
			isa = PBXGroup;
			children = (
				CB4CEAD175F2E0530ECBE8E9 /* Pods-Exchangerate.debug.xcconfig */,
				E5FA6E8F296B4FF0ED6A3A9E /* Pods-Exchangerate.release.xcconfig */,
			);
			name = Pods;
			sourceTree = "<group>";
		};
		F1E135DA1DDC913A00B070F3 = {
			isa = PBXGroup;
			children = (
				F1E135E51DDC913A00B070F3 /* Exchangerate */,
				F1E135E41DDC913A00B070F3 /* Products */,
				88391B9B87C489CDA8C66386 /* Pods */,
				292ACF1DD270DF1367D70F2B /* Frameworks */,
			);
			sourceTree = "<group>";
		};
		F1E135E41DDC913A00B070F3 /* Products */ = {
			isa = PBXGroup;
			children = (
				F1E135E31DDC913A00B070F3 /* Exchangerate.app */,
			);
			name = Products;
			sourceTree = "<group>";
		};
		F1E135E51DDC913A00B070F3 /* Exchangerate */ = {
			isa = PBXGroup;
			children = (
				F1E135E61DDC913A00B070F3 /* AppDelegate.swift */,
				F1E135E81DDC913A00B070F3 /* ViewController.swift */,
				F1E135F81DDC9E8000B070F3 /* TableViewController.swift */,
				F1E135EA1DDC913A00B070F3 /* Main.storyboard */,
				F1E135ED1DDC913A00B070F3 /* Assets.xcassets */,
				F1E135EF1DDC913A00B070F3 /* LaunchScreen.storyboard */,
				F1E135F21DDC913A00B070F3 /* Info.plist */,
			);
			path = Exchangerate;
			sourceTree = "<group>";
		};
/* End PBXGroup section */

/* Begin PBXNativeTarget section */
		F1E135E21DDC913A00B070F3 /* Exchangerate */ = {
			isa = PBXNativeTarget;
			buildConfigurationList = F1E135F51DDC913A00B070F3 /* Build configuration list for PBXNativeTarget "Exchangerate" */;
			buildPhases = (
				E3952D03342BF1DB281875D1 /* [CP] Check Pods Manifest.lock */,
				F1E135DF1DDC913A00B070F3 /* Sources */,
				F1E135E01DDC913A00B070F3 /* Frameworks */,
				F1E135E11DDC913A00B070F3 /* Resources */,
				34F444A5758722721D0646B1 /* [CP] Embed Pods Frameworks */,
				F6691EC30CA4F7AE2C851D4C /* [CP] Copy Pods Resources */,
			);
			buildRules = (
			);
			dependencies = (
			);
			name = Exchangerate;
			productName = Exchangerate;
			productReference = F1E135E31DDC913A00B070F3 /* Exchangerate.app */;
			productType = "com.apple.product-type.application";
		};
/* End PBXNativeTarget section */

/* Begin PBXProject section */
		F1E135DB1DDC913A00B070F3 /* Project object */ = {
			isa = PBXProject;
			attributes = {
				LastSwiftUpdateCheck = 0810;
				LastUpgradeCheck = 0810;
				ORGANIZATIONNAME = "Andrei Palonski";
				TargetAttributes = {
					F1E135E21DDC913A00B070F3 = {
						CreatedOnToolsVersion = 8.1;
						DevelopmentTeam = QMNXFRSMX5;
						ProvisioningStyle = Automatic;
					};
				};
			};
			buildConfigurationList = F1E135DE1DDC913A00B070F3 /* Build configuration list for PBXProject "Exchangerate" */;
			compatibilityVersion = "Xcode 3.2";
			developmentRegion = English;
			hasScannedForEncodings = 0;
			knownRegions = (
				en,
				Base,
			);
			mainGroup = F1E135DA1DDC913A00B070F3;
			productRefGroup = F1E135E41DDC913A00B070F3 /* Products */;
			projectDirPath = "";
			projectRoot = "";
			targets = (
				F1E135E21DDC913A00B070F3 /* Exchangerate */,
			);
		};
/* End PBXProject section */

/* Begin PBXResourcesBuildPhase section */
		F1E135E11DDC913A00B070F3 /* Resources */ = {
			isa = PBXResourcesBuildPhase;
			buildActionMask = 2147483647;
			files = (
				F1E135F11DDC913A00B070F3 /* LaunchScreen.storyboard in Resources */,
				F1E135EE1DDC913A00B070F3 /* Assets.xcassets in Resources */,
				F1E135EC1DDC913A00B070F3 /* Main.storyboard in Resources */,
			);
			runOnlyForDeploymentPostprocessing = 0;
		};
/* End PBXResourcesBuildPhase section */

/* Begin PBXShellScriptBuildPhase section */
		34F444A5758722721D0646B1 /* [CP] Embed Pods Frameworks */ = {
			isa = PBXShellScriptBuildPhase;
			buildActionMask = 2147483647;
			files = (
			);
			inputPaths = (
			);
			name = "[CP] Embed Pods Frameworks";
			outputPaths = (
			);
			runOnlyForDeploymentPostprocessing = 0;
			shellPath = /bin/sh;
			shellScript = "\"${SRCROOT}/Pods/Target Support Files/Pods-Exchangerate/Pods-Exchangerate-frameworks.sh\"\n";
			showEnvVarsInLog = 0;
		};
		E3952D03342BF1DB281875D1 /* [CP] Check Pods Manifest.lock */ = {
			isa = PBXShellScriptBuildPhase;
			buildActionMask = 2147483647;
			files = (
			);
			inputPaths = (
			);
			name = "[CP] Check Pods Manifest.lock";
			outputPaths = (
			);
			runOnlyForDeploymentPostprocessing = 0;
			shellPath = /bin/sh;
			shellScript = "diff \"${PODS_ROOT}/../Podfile.lock\" \"${PODS_ROOT}/Manifest.lock\" > /dev/null\nif [ $? != 0 ] ; then\n    # print error to STDERR\n    echo \"error: The sandbox is not in sync with the Podfile.lock. Run 'pod install' or update your CocoaPods installation.\" >&2\n    exit 1\nfi\n";
			showEnvVarsInLog = 0;
		};
		F6691EC30CA4F7AE2C851D4C /* [CP] Copy Pods Resources */ = {
			isa = PBXShellScriptBuildPhase;
			buildActionMask = 2147483647;
			files = (
			);
			inputPaths = (
			);
			name = "[CP] Copy Pods Resources";
			outputPaths = (
			);
			runOnlyForDeploymentPostprocessing = 0;
			shellPath = /bin/sh;
			shellScript = "\"${SRCROOT}/Pods/Target Support Files/Pods-Exchangerate/Pods-Exchangerate-resources.sh\"\n";
			showEnvVarsInLog = 0;
		};
/* End PBXShellScriptBuildPhase section */

/* Begin PBXSourcesBuildPhase section */
		F1E135DF1DDC913A00B070F3 /* Sources */ = {
			isa = PBXSourcesBuildPhase;
			buildActionMask = 2147483647;
			files = (
				F1E135E91DDC913A00B070F3 /* ViewController.swift in Sources */,
				F1E135F91DDC9E8000B070F3 /* TableViewController.swift in Sources */,
				F1E135E71DDC913A00B070F3 /* AppDelegate.swift in Sources */,
			);
			runOnlyForDeploymentPostprocessing = 0;
		};
/* End PBXSourcesBuildPhase section */

/* Begin PBXVariantGroup section */
		F1E135EA1DDC913A00B070F3 /* Main.storyboard */ = {
			isa = PBXVariantGroup;
			children = (
				F1E135EB1DDC913A00B070F3 /* Base */,
			);
			name = Main.storyboard;
			sourceTree = "<group>";
		};
		F1E135EF1DDC913A00B070F3 /* LaunchScreen.storyboard */ = {
			isa = PBXVariantGroup;
			children = (
				F1E135F01DDC913A00B070F3 /* Base */,
			);
			name = LaunchScreen.storyboard;
			sourceTree = "<group>";
		};
/* End PBXVariantGroup section */

/* Begin XCBuildConfiguration section */
		F1E135F31DDC913A00B070F3 /* Debug */ = {
			isa = XCBuildConfiguration;
			buildSettings = {
				ALWAYS_SEARCH_USER_PATHS = NO;
				CLANG_ANALYZER_NONNULL = YES;
				CLANG_CXX_LANGUAGE_STANDARD = "gnu++0x";
				CLANG_CXX_LIBRARY = "libc++";
				CLANG_ENABLE_MODULES = YES;
				CLANG_ENABLE_OBJC_ARC = YES;
				CLANG_WARN_BOOL_CONVERSION = YES;
				CLANG_WARN_CONSTANT_CONVERSION = YES;
				CLANG_WARN_DIRECT_OBJC_ISA_USAGE = YES_ERROR;
				CLANG_WARN_DOCUMENTATION_COMMENTS = YES;
				CLANG_WARN_EMPTY_BODY = YES;
				CLANG_WARN_ENUM_CONVERSION = YES;
				CLANG_WARN_INFINITE_RECURSION = YES;
				CLANG_WARN_INT_CONVERSION = YES;
				CLANG_WARN_OBJC_ROOT_CLASS = YES_ERROR;
				CLANG_WARN_SUSPICIOUS_MOVE = YES;
				CLANG_WARN_SUSPICIOUS_MOVES = YES;
				CLANG_WARN_UNREACHABLE_CODE = YES;
				CLANG_WARN__DUPLICATE_METHOD_MATCH = YES;
				"CODE_SIGN_IDENTITY[sdk=iphoneos*]" = "iPhone Developer";
				COPY_PHASE_STRIP = NO;
				DEBUG_INFORMATION_FORMAT = dwarf;
				ENABLE_STRICT_OBJC_MSGSEND = YES;
				ENABLE_TESTABILITY = YES;
				GCC_C_LANGUAGE_STANDARD = gnu99;
				GCC_DYNAMIC_NO_PIC = NO;
				GCC_NO_COMMON_BLOCKS = YES;
				GCC_OPTIMIZATION_LEVEL = 0;
				GCC_PREPROCESSOR_DEFINITIONS = (
					"DEBUG=1",
					"$(inherited)",
				);
				GCC_WARN_64_TO_32_BIT_CONVERSION = YES;
				GCC_WARN_ABOUT_RETURN_TYPE = YES_ERROR;
				GCC_WARN_UNDECLARED_SELECTOR = YES;
				GCC_WARN_UNINITIALIZED_AUTOS = YES_AGGRESSIVE;
				GCC_WARN_UNUSED_FUNCTION = YES;
				GCC_WARN_UNUSED_VARIABLE = YES;
				IPHONEOS_DEPLOYMENT_TARGET = 10.1;
				MTL_ENABLE_DEBUG_INFO = YES;
				ONLY_ACTIVE_ARCH = YES;
				SDKROOT = iphoneos;
				SWIFT_ACTIVE_COMPILATION_CONDITIONS = DEBUG;
				SWIFT_OPTIMIZATION_LEVEL = "-Onone";
			};
			name = Debug;
		};
		F1E135F41DDC913A00B070F3 /* Release */ = {
			isa = XCBuildConfiguration;
			buildSettings = {
				ALWAYS_SEARCH_USER_PATHS = NO;
				CLANG_ANALYZER_NONNULL = YES;
				CLANG_CXX_LANGUAGE_STANDARD = "gnu++0x";
				CLANG_CXX_LIBRARY = "libc++";
				CLANG_ENABLE_MODULES = YES;
				CLANG_ENABLE_OBJC_ARC = YES;
				CLANG_WARN_BOOL_CONVERSION = YES;
				CLANG_WARN_CONSTANT_CONVERSION = YES;
				CLANG_WARN_DIRECT_OBJC_ISA_USAGE = YES_ERROR;
				CLANG_WARN_DOCUMENTATION_COMMENTS = YES;
				CLANG_WARN_EMPTY_BODY = YES;
				CLANG_WARN_ENUM_CONVERSION = YES;
				CLANG_WARN_INFINITE_RECURSION = YES;
				CLANG_WARN_INT_CONVERSION = YES;
				CLANG_WARN_OBJC_ROOT_CLASS = YES_ERROR;
				CLANG_WARN_SUSPICIOUS_MOVE = YES;
				CLANG_WARN_SUSPICIOUS_MOVES = YES;
				CLANG_WARN_UNREACHABLE_CODE = YES;
				CLANG_WARN__DUPLICATE_METHOD_MATCH = YES;
				"CODE_SIGN_IDENTITY[sdk=iphoneos*]" = "iPhone Developer";
				COPY_PHASE_STRIP = NO;
				DEBUG_INFORMATION_FORMAT = "dwarf-with-dsym";
				ENABLE_NS_ASSERTIONS = NO;
				ENABLE_STRICT_OBJC_MSGSEND = YES;
				GCC_C_LANGUAGE_STANDARD = gnu99;
				GCC_NO_COMMON_BLOCKS = YES;
				GCC_WARN_64_TO_32_BIT_CONVERSION = YES;
				GCC_WARN_ABOUT_RETURN_TYPE = YES_ERROR;
				GCC_WARN_UNDECLARED_SELECTOR = YES;
				GCC_WARN_UNINITIALIZED_AUTOS = YES_AGGRESSIVE;
				GCC_WARN_UNUSED_FUNCTION = YES;
				GCC_WARN_UNUSED_VARIABLE = YES;
				IPHONEOS_DEPLOYMENT_TARGET = 10.1;
				MTL_ENABLE_DEBUG_INFO = NO;
				SDKROOT = iphoneos;
				SWIFT_OPTIMIZATION_LEVEL = "-Owholemodule";
				VALIDATE_PRODUCT = YES;
			};
			name = Release;
		};
		F1E135F61DDC913A00B070F3 /* Debug */ = {
			isa = XCBuildConfiguration;
			baseConfigurationReference = CB4CEAD175F2E0530ECBE8E9 /* Pods-Exchangerate.debug.xcconfig */;
			buildSettings = {
				ASSETCATALOG_COMPILER_APPICON_NAME = AppIcon;
				DEVELOPMENT_TEAM = QMNXFRSMX5;
				INFOPLIST_FILE = Exchangerate/Info.plist;
				LD_RUNPATH_SEARCH_PATHS = "$(inherited) @executable_path/Frameworks";
				PRODUCT_BUNDLE_IDENTIFIER = com.skrjApp.Exchangerate;
				PRODUCT_NAME = "$(TARGET_NAME)";
				SWIFT_VERSION = 3.0;
			};
			name = Debug;
		};
		F1E135F71DDC913A00B070F3 /* Release */ = {
			isa = XCBuildConfiguration;
			baseConfigurationReference = E5FA6E8F296B4FF0ED6A3A9E /* Pods-Exchangerate.release.xcconfig */;
			buildSettings = {
				ASSETCATALOG_COMPILER_APPICON_NAME = AppIcon;
				DEVELOPMENT_TEAM = QMNXFRSMX5;
				INFOPLIST_FILE = Exchangerate/Info.plist;
				LD_RUNPATH_SEARCH_PATHS = "$(inherited) @executable_path/Frameworks";
				PRODUCT_BUNDLE_IDENTIFIER = com.skrjApp.Exchangerate;
				PRODUCT_NAME = "$(TARGET_NAME)";
				SWIFT_VERSION = 3.0;
			};
			name = Release;
		};
/* End XCBuildConfiguration section */

/* Begin XCConfigurationList section */
		F1E135DE1DDC913A00B070F3 /* Build configuration list for PBXProject "Exchangerate" */ = {
			isa = XCConfigurationList;
			buildConfigurations = (
				F1E135F31DDC913A00B070F3 /* Debug */,
				F1E135F41DDC913A00B070F3 /* Release */,
			);
			defaultConfigurationIsVisible = 0;
			defaultConfigurationName = Release;
		};
		F1E135F51DDC913A00B070F3 /* Build configuration list for PBXNativeTarget "Exchangerate" */ = {
			isa = XCConfigurationList;
			buildConfigurations = (
				F1E135F61DDC913A00B070F3 /* Debug */,
				F1E135F71DDC913A00B070F3 /* Release */,
			);
			defaultConfigurationIsVisible = 0;
			defaultConfigurationName = Release;
		};
/* End XCConfigurationList section */
	};
	rootObject = F1E135DB1DDC913A00B070F3 /* Project object */;
}
